
Microsoft Visual Studio Solution File, Format Version 12.00
# Visual Studio 2013
VisualStudioVersion = 12.0.31101.0
MinimumVisualStudioVersion = 10.0.40219.1
Project("{FAE04EC0-301F-11D3-BF4B-00C04F79EFBC}") = "AmcAllscriptsScanning", "AmcAllscriptsScanning\AmcAllscriptsScanning.csproj", "{707D2BF4-7FD2-4B56-8742-A2B3179FB6BE}"
EndProject
Project("{FAE04EC0-301F-11D3-BF4B-00C04F79EFBC}") = "WIAUtility", "WIAScannerUtility\WIAUtility.csproj", "{DC85C85A-09D0-4A04-8B23-54087A44B6FA}"
EndProject
Project("{FAE04EC0-301F-11D3-BF4B-00C04F79EFBC}") = "User32API", "User32API\User32API.csproj", "{E3BEECF7-C2CF-4698-9804-0953DC4384D5}"
EndProject
Global
	GlobalSection(SolutionConfigurationPlatforms) = preSolution
		Debug|Any CPU = Debug|Any CPU
		Release|Any CPU = Release|Any CPU
	EndGlobalSection
	GlobalSection(ProjectConfigurationPlatforms) = postSolution
		{707D2BF4-7FD2-4B56-8742-A2B3179FB6BE}.Debug|Any CPU.ActiveCfg = Debug|Any CPU
		{707D2BF4-7FD2-4B56-8742-A2B3179FB6BE}.Debug|Any CPU.Build.0 = Debug|Any CPU
		{707D2BF4-7FD2-4B56-8742-A2B3179FB6BE}.Release|Any CPU.ActiveCfg = Release|Any CPU
		{707D2BF4-7FD2-4B56-8742-A2B3179FB6BE}.Release|Any CPU.Build.0 = Release|Any CPU
		{DC85C85A-09D0-4A04-8B23-54087A44B6FA}.Debug|Any CPU.ActiveCfg = Debug|Any CPU
		{DC85C85A-09D0-4A04-8B23-54087A44B6FA}.Debug|Any CPU.Build.0 = Debug|Any CPU
		{DC85C85A-09D0-4A04-8B23-54087A44B6FA}.Release|Any CPU.ActiveCfg = Release|Any CPU
		{DC85C85A-09D0-4A04-8B23-54087A44B6FA}.Release|Any CPU.Build.0 = Release|Any CPU
		{E3BEECF7-C2CF-4698-9804-0953DC4384D5}.Debug|Any CPU.ActiveCfg = Debug|Any CPU
		{E3BEECF7-C2CF-4698-9804-0953DC4384D5}.Debug|Any CPU.Build.0 = Debug|Any CPU
		{E3BEECF7-C2CF-4698-9804-0953DC4384D5}.Release|Any CPU.ActiveCfg = Release|Any CPU
		{E3BEECF7-C2CF-4698-9804-0953DC4384D5}.Release|Any CPU.Build.0 = Release|Any CPU
	EndGlobalSection
	GlobalSection(SolutionProperties) = preSolution
		HideSolutionNode = FALSE
	EndGlobalSection
EndGlobal
